
Microsoft Visual Studio Solution File, Format Version 12.00
# Visual Studio Version 17
VisualStudioVersion = 17.0.32014.148
MinimumVisualStudioVersion = 10.0.40219.1
Project("{9A19103F-16F7-4668-BE54-9A1E7A4F7556}") = "StreamAnalytics.Ingest", "StreamAnalytics.Ingest\StreamAnalytics.Ingest.csproj", "{87DE8862-DFFD-4EB7-9534-73A8B08AEB21}"
EndProject
Project("{9A19103F-16F7-4668-BE54-9A1E7A4F7556}") = "DataStreamFactory", "DataStreamFactory\DataStreamFactory.csproj", "{9DDB2885-0604-48AC-9F7F-B05034547DEF}"
EndProject
Project("{9A19103F-16F7-4668-BE54-9A1E7A4F7556}") = "StreamAnalytics.System", "StreamAnalytics.System\StreamAnalytics.System.csproj", "{BF06F9B5-09BB-41C3-BBAC-39AB8D400B43}"
EndProject
Project("{2150E333-8FDC-42A3-9474-1A3956D46DE8}") = "Solution Items", "Solution Items", "{0F07A069-744D-4EE0-8A3B-B304B97E51F5}"
EndProject
Project("{9A19103F-16F7-4668-BE54-9A1E7A4F7556}") = "StreamAnalytics.System.Data", "StreamAnalytics.System.Data\StreamAnalytics.System.Data.csproj", "{03BA60DF-838A-4BF8-9B30-06EC6AF2428A}"
EndProject
Project("{9A19103F-16F7-4668-BE54-9A1E7A4F7556}") = "StreamAnalytics.System.Data.EFStartup", "StreamAnalytics.System.Data.EFStartup\StreamAnalytics.System.Data.EFStartup.csproj", "{2F1784AC-1956-40A7-8DC9-D07DABA572A2}"
EndProject
Global
	GlobalSection(SolutionConfigurationPlatforms) = preSolution
		Debug|Any CPU = Debug|Any CPU
		Release|Any CPU = Release|Any CPU
	EndGlobalSection
	GlobalSection(ProjectConfigurationPlatforms) = postSolution
		{87DE8862-DFFD-4EB7-9534-73A8B08AEB21}.Debug|Any CPU.ActiveCfg = Debug|Any CPU
		{87DE8862-DFFD-4EB7-9534-73A8B08AEB21}.Debug|Any CPU.Build.0 = Debug|Any CPU
		{87DE8862-DFFD-4EB7-9534-73A8B08AEB21}.Release|Any CPU.ActiveCfg = Release|Any CPU
		{87DE8862-DFFD-4EB7-9534-73A8B08AEB21}.Release|Any CPU.Build.0 = Release|Any CPU
		{9DDB2885-0604-48AC-9F7F-B05034547DEF}.Debug|Any CPU.ActiveCfg = Debug|Any CPU
		{9DDB2885-0604-48AC-9F7F-B05034547DEF}.Debug|Any CPU.Build.0 = Debug|Any CPU
		{9DDB2885-0604-48AC-9F7F-B05034547DEF}.Release|Any CPU.ActiveCfg = Release|Any CPU
		{9DDB2885-0604-48AC-9F7F-B05034547DEF}.Release|Any CPU.Build.0 = Release|Any CPU
		{BF06F9B5-09BB-41C3-BBAC-39AB8D400B43}.Debug|Any CPU.ActiveCfg = Debug|Any CPU
		{BF06F9B5-09BB-41C3-BBAC-39AB8D400B43}.Debug|Any CPU.Build.0 = Debug|Any CPU
		{BF06F9B5-09BB-41C3-BBAC-39AB8D400B43}.Release|Any CPU.ActiveCfg = Release|Any CPU
		{BF06F9B5-09BB-41C3-BBAC-39AB8D400B43}.Release|Any CPU.Build.0 = Release|Any CPU
		{03BA60DF-838A-4BF8-9B30-06EC6AF2428A}.Debug|Any CPU.ActiveCfg = Debug|Any CPU
		{03BA60DF-838A-4BF8-9B30-06EC6AF2428A}.Debug|Any CPU.Build.0 = Debug|Any CPU
		{03BA60DF-838A-4BF8-9B30-06EC6AF2428A}.Release|Any CPU.ActiveCfg = Release|Any CPU
		{03BA60DF-838A-4BF8-9B30-06EC6AF2428A}.Release|Any CPU.Build.0 = Release|Any CPU
		{2F1784AC-1956-40A7-8DC9-D07DABA572A2}.Debug|Any CPU.ActiveCfg = Debug|Any CPU
		{2F1784AC-1956-40A7-8DC9-D07DABA572A2}.Debug|Any CPU.Build.0 = Debug|Any CPU
		{2F1784AC-1956-40A7-8DC9-D07DABA572A2}.Release|Any CPU.ActiveCfg = Release|Any CPU
		{2F1784AC-1956-40A7-8DC9-D07DABA572A2}.Release|Any CPU.Build.0 = Release|Any CPU
	EndGlobalSection
	GlobalSection(SolutionProperties) = preSolution
		HideSolutionNode = FALSE
	EndGlobalSection
	GlobalSection(ExtensibilityGlobals) = postSolution
		SolutionGuid = {1F6DAA31-AA5C-4E8F-9135-2260CE683982}
	EndGlobalSection
EndGlobal
