
Microsoft Visual Studio Solution File, Format Version 12.00
# Visual Studio Version 17
VisualStudioVersion = 17.0.32014.148
MinimumVisualStudioVersion = 10.0.40219.1
Project("{FAE04EC0-301F-11D3-BF4B-00C04F79EFBC}") = "DataStreamFactory", "DataStreamFactory.csproj", "{92FB9A82-0221-4520-8854-3BC445D26D64}"
EndProject
Global
	GlobalSection(SolutionConfigurationPlatforms) = preSolution
		Debug|Any CPU = Debug|Any CPU
		Release|Any CPU = Release|Any CPU
	EndGlobalSection
	GlobalSection(ProjectConfigurationPlatforms) = postSolution
		{92FB9A82-0221-4520-8854-3BC445D26D64}.Debug|Any CPU.ActiveCfg = Debug|Any CPU
		{92FB9A82-0221-4520-8854-3BC445D26D64}.Debug|Any CPU.Build.0 = Debug|Any CPU
		{92FB9A82-0221-4520-8854-3BC445D26D64}.Release|Any CPU.ActiveCfg = Release|Any CPU
		{92FB9A82-0221-4520-8854-3BC445D26D64}.Release|Any CPU.Build.0 = Release|Any CPU
	EndGlobalSection
	GlobalSection(SolutionProperties) = preSolution
		HideSolutionNode = FALSE
	EndGlobalSection
	GlobalSection(ExtensibilityGlobals) = postSolution
		SolutionGuid = {E4D3D79D-B0D5-4819-AD97-113975841DC5}
	EndGlobalSection
EndGlobal
